
Microsoft Visual Studio Solution File, Format Version 12.00
# Visual Studio Version 17
VisualStudioVersion = 17.0.32014.148
MinimumVisualStudioVersion = 10.0.40219.1
Project("{FAE04EC0-301F-11D3-BF4B-00C04F79EFBC}") = "ProyectoMatematicas2daParcial", "ProyectoMatematicas2daParcial.csproj", "{E63D14A6-1E79-4C41-BBDA-F49ED5EFCDAD}"
EndProject
Global
	GlobalSection(SolutionConfigurationPlatforms) = preSolution
		Debug|Any CPU = Debug|Any CPU
		Release|Any CPU = Release|Any CPU
	EndGlobalSection
	GlobalSection(ProjectConfigurationPlatforms) = postSolution
		{E63D14A6-1E79-4C41-BBDA-F49ED5EFCDAD}.Debug|Any CPU.ActiveCfg = Debug|Any CPU
		{E63D14A6-1E79-4C41-BBDA-F49ED5EFCDAD}.Debug|Any CPU.Build.0 = Debug|Any CPU
		{E63D14A6-1E79-4C41-BBDA-F49ED5EFCDAD}.Release|Any CPU.ActiveCfg = Release|Any CPU
		{E63D14A6-1E79-4C41-BBDA-F49ED5EFCDAD}.Release|Any CPU.Build.0 = Release|Any CPU
	EndGlobalSection
	GlobalSection(SolutionProperties) = preSolution
		HideSolutionNode = FALSE
	EndGlobalSection
	GlobalSection(ExtensibilityGlobals) = postSolution
		SolutionGuid = {3B8CB13F-8958-4BFA-92B2-292D88A608D4}
	EndGlobalSection
EndGlobal
